PODS:
  - Alamofire (4.8.0)
  - Charts (3.2.1):
    - Charts/Core (= 3.2.1)
  - Charts/Core (3.2.1)
  - Kingfisher (5.0.1)
  - SCLAlertView (0.8)
  - SkeletonView (1.4.1)
  - SwiftyJSON (4.2.0)

DEPENDENCIES:
  - Alamofire
  - Charts
  - Kingfisher
  - SCLAlertView
  - SkeletonView
  - SwiftyJSON

SPEC REPOS:
  https://github.com/cocoapods/specs.git:
    - Alamofire
    - Charts
    - Kingfisher
    - SCLAlertView
    - SkeletonView
    - SwiftyJSON

SPEC CHECKSUMS:
  Alamofire: 3ec537f71edc9804815215393ae2b1a8ea33a844
  Charts: f122fb70b19847fa5817d018b77d6c5a2296ab25
  Kingfisher: 4f771421b9208185217550528a06fd48756cb7c2
  SCLAlertView: 6a77bb2edfc65e04dbe57725546cb4107a506b85
  SkeletonView: 60d6ce7edb0cb4c7758db33c74add50392b3c475
  SwiftyJSON: c4bcba26dd9ec7a027fc8eade48e2c911f229e96

PODFILE CHECKSUM: 330d4b5612a60dba6bb5c8baa5dd24d56478c99d

COCOAPODS: 1.6.0
